
Microsoft Visual Studio Solution File, Format Version 12.00
# Visual Studio Version 16
VisualStudioVersion = 16.0.809.2
MinimumVisualStudioVersion = 10.0.40219.1
Project("{FAE04EC0-301F-11D3-BF4B-00C04F79EFBC}") = "DSForInterviewsCSharp", "DSForInterviewsCSharp\DSForInterviewsCSharp.csproj", "{F2662A18-401F-4166-928F-E2F1C60D010F}"
EndProject
Global
	GlobalSection(SolutionConfigurationPlatforms) = preSolution
		Debug|Any CPU = Debug|Any CPU
		Release|Any CPU = Release|Any CPU
	EndGlobalSection
	GlobalSection(ProjectConfigurationPlatforms) = postSolution
		{F2662A18-401F-4166-928F-E2F1C60D010F}.Debug|Any CPU.ActiveCfg = Debug|Any CPU
		{F2662A18-401F-4166-928F-E2F1C60D010F}.Debug|Any CPU.Build.0 = Debug|Any CPU
		{F2662A18-401F-4166-928F-E2F1C60D010F}.Release|Any CPU.ActiveCfg = Release|Any CPU
		{F2662A18-401F-4166-928F-E2F1C60D010F}.Release|Any CPU.Build.0 = Release|Any CPU
	EndGlobalSection
	GlobalSection(SolutionProperties) = preSolution
		HideSolutionNode = FALSE
	EndGlobalSection
	GlobalSection(ExtensibilityGlobals) = postSolution
		SolutionGuid = {48876CC0-4284-40E0-8B71-4EF8427D21FC}
	EndGlobalSection
EndGlobal
